
Microsoft Visual Studio Solution File, Format Version 12.00
# Visual Studio Version 16
VisualStudioVersion = 16.0.31410.357
MinimumVisualStudioVersion = 10.0.40219.1
Project("{FAE04EC0-301F-11D3-BF4B-00C04F79EFBC}") = "Diamante.ConsoleApp", "Diamante.ConsoleApp\Diamante.ConsoleApp.csproj", "{E5529078-C95A-4238-9AE3-663EBEC198A6}"
EndProject
Global
	GlobalSection(SolutionConfigurationPlatforms) = preSolution
		Debug|Any CPU = Debug|Any CPU
		Release|Any CPU = Release|Any CPU
	EndGlobalSection
	GlobalSection(ProjectConfigurationPlatforms) = postSolution
		{E5529078-C95A-4238-9AE3-663EBEC198A6}.Debug|Any CPU.ActiveCfg = Debug|Any CPU
		{E5529078-C95A-4238-9AE3-663EBEC198A6}.Debug|Any CPU.Build.0 = Debug|Any CPU
		{E5529078-C95A-4238-9AE3-663EBEC198A6}.Release|Any CPU.ActiveCfg = Release|Any CPU
		{E5529078-C95A-4238-9AE3-663EBEC198A6}.Release|Any CPU.Build.0 = Release|Any CPU
	EndGlobalSection
	GlobalSection(SolutionProperties) = preSolution
		HideSolutionNode = FALSE
	EndGlobalSection
	GlobalSection(ExtensibilityGlobals) = postSolution
		SolutionGuid = {574A0AB6-EB30-4E98-96C2-E649C00BBA09}
	EndGlobalSection
EndGlobal
